
Microsoft Visual Studio Solution File, Format Version 12.00
# Visual Studio Version 17
VisualStudioVersion = 17.11.35327.3
MinimumVisualStudioVersion = 10.0.40219.1
Project("{FAE04EC0-301F-11D3-BF4B-00C04F79EFBC}") = "CodeGenerator", "CodeGenerator\CodeGenerator.csproj", "{18193FFF-B022-42BE-976B-F8D4D316BA75}"
EndProject
Project("{FAE04EC0-301F-11D3-BF4B-00C04F79EFBC}") = "SqlGenerator", "SqlGenerator\SqlGenerator.csproj", "{5B5DD3B6-E5CB-4E94-BEA9-1B2F7DEE612E}"
EndProject
Global
	GlobalSection(SolutionConfigurationPlatforms) = preSolution
		Debug|Any CPU = Debug|Any CPU
		Release|Any CPU = Release|Any CPU
	EndGlobalSection
	GlobalSection(ProjectConfigurationPlatforms) = postSolution
		{18193FFF-B022-42BE-976B-F8D4D316BA75}.Debug|Any CPU.ActiveCfg = Debug|Any CPU
		{18193FFF-B022-42BE-976B-F8D4D316BA75}.Debug|Any CPU.Build.0 = Debug|Any CPU
		{18193FFF-B022-42BE-976B-F8D4D316BA75}.Release|Any CPU.ActiveCfg = Release|Any CPU
		{18193FFF-B022-42BE-976B-F8D4D316BA75}.Release|Any CPU.Build.0 = Release|Any CPU
		{5B5DD3B6-E5CB-4E94-BEA9-1B2F7DEE612E}.Debug|Any CPU.ActiveCfg = Debug|Any CPU
		{5B5DD3B6-E5CB-4E94-BEA9-1B2F7DEE612E}.Debug|Any CPU.Build.0 = Debug|Any CPU
		{5B5DD3B6-E5CB-4E94-BEA9-1B2F7DEE612E}.Release|Any CPU.ActiveCfg = Release|Any CPU
		{5B5DD3B6-E5CB-4E94-BEA9-1B2F7DEE612E}.Release|Any CPU.Build.0 = Release|Any CPU
	EndGlobalSection
	GlobalSection(SolutionProperties) = preSolution
		HideSolutionNode = FALSE
	EndGlobalSection
	GlobalSection(ExtensibilityGlobals) = postSolution
		SolutionGuid = {F3AA8B9C-6C62-4117-81E2-E4B0A4E65D6A}
	EndGlobalSection
EndGlobal
